// !$*UTF8*$!
{
	archiveVersion = 1;
	classes = {
	};
	objectVersion = 56;
	objects = {

/* Begin PBXBuildFile section */
		0129E235548143B29A5EE5BE /* los_drills_r20.json in Resources */ = {isa = PBXBuildFile; fileRef = 33F2C548B15A41CFB8DDC270 /* los_drills_r20.json */; };
		060E3661B80C446EB54AAF30 /* los_drills_r1.json in Resources */ = {isa = PBXBuildFile; fileRef = 479EB4F438A2484786E6010D /* los_drills_r1.json */; };
		0905A7D92F604B64B88F991A /* Assets.xcassets in Resources */ = {isa = PBXBuildFile; fileRef = 78E138829F5C4C3EBDA06E86 /* Assets.xcassets */; };
		09BE15A3C85146DB84984CE8 /* los_drills_r31.json in Resources */ = {isa = PBXBuildFile; fileRef = 96765C669DD44488BBF98B69 /* los_drills_r31.json */; };
		0BE61D7A432C4C93A2C11762 /* PracticeBuilderView.swift in Sources */ = {isa = PBXBuildFile; fileRef = 86B5BD339A05470B924BDA72 /* PracticeBuilderView.swift */; };
		0CC56DFCF5294704A0EB5AA4 /* los_drills_r33.json in Resources */ = {isa = PBXBuildFile; fileRef = A6554E73183A4522929EBB31 /* los_drills_r33.json */; };
		10B1F34D85B842668DD6A40B /* los_drills_r30.json in Resources */ = {isa = PBXBuildFile; fileRef = E7AE1FDE1E4F4BFD85729378 /* los_drills_r30.json */; };
		10CA868C08874BBF902CE81E /* study_schedule.json in Resources */ = {isa = PBXBuildFile; fileRef = FC34B73FE9EA4562B202CAF8 /* study_schedule.json */; };
		136311A12E8A491B929DBC70 /* ContentDensitySection.swift in Sources */ = {isa = PBXBuildFile; fileRef = A37A7F81751C442382E848B8 /* ContentDensitySection.swift */; };
		1405045309544F9A9A39CCD7 /* reading_notes.json in Resources */ = {isa = PBXBuildFile; fileRef = 8522D72A30624A7DB90C00EA /* reading_notes.json */; };
		14A8DFE021CB49A58ACFE113 /* ReadingNotesBlocksView.swift in Sources */ = {isa = PBXBuildFile; fileRef = 2442EBCD24704E2D97B36612 /* ReadingNotesBlocksView.swift */; };
		15BC0053332642829D36BB50 /* Theme.swift in Sources */ = {isa = PBXBuildFile; fileRef = 8D24C9BD3CE24077BC4B51B8 /* Theme.swift */; };
		1734ECEB45BC49BF90D20649 /* StudySessionCoordinator.swift in Sources */ = {isa = PBXBuildFile; fileRef = 0D94B2388CE940E9AD778803 /* StudySessionCoordinator.swift */; };
		1C5C86CC7FBD42F5AFC8336F /* QuestionAttemptView.swift in Sources */ = {isa = PBXBuildFile; fileRef = 67D75174F099481C90E0545D /* QuestionAttemptView.swift */; };
		1D61F3E2C6EE47BFA81389D5 /* NotesContentParser.swift in Sources */ = {isa = PBXBuildFile; fileRef = A4703EEBE28948DD9CBB6BD2 /* NotesContentParser.swift */; };
		1D7562E5223E40509DA8D2C1 /* LOSStudyStatus.swift in Sources */ = {isa = PBXBuildFile; fileRef = 5FECB28C521A446CB948F083 /* LOSStudyStatus.swift */; };
		1E0BAAB66D4D445A822C105E /* los_drills_r34.json in Resources */ = {isa = PBXBuildFile; fileRef = 8F87E270A6DE4A528EF435F7 /* los_drills_r34.json */; };
		1E865EA0FDAE4C5F8386B7EE /* LOSCoverageView.swift in Sources */ = {isa = PBXBuildFile; fileRef = 0C4FD3A1392A4F3EA111CFD7 /* LOSCoverageView.swift */; };
		1F7E6572BF6543808CFCFB6B /* ReviewScheduler.swift in Sources */ = {isa = PBXBuildFile; fileRef = 31BFDC81E2F2468FB8FDCBB1 /* ReviewScheduler.swift */; };
		2244FE7F912441F9AA00CC0F /* LOSDrillReadingView.swift in Sources */ = {isa = PBXBuildFile; fileRef = 70E2119EF5454F789B7AE11C /* LOSDrillReadingView.swift */; };
		243C8ED5E40141FFA8C9BDC7 /* ReviewSchedulerTests.swift in Sources */ = {isa = PBXBuildFile; fileRef = CDDEB7F0A6D742F291EF103C /* ReviewSchedulerTests.swift */; };
		27245A1BE64B4A7E9354EA18 /* los_drills_r21.json in Resources */ = {isa = PBXBuildFile; fileRef = E7085731F60A42518C0B6D14 /* los_drills_r21.json */; };
		275ADD3E5FC84A09822F8857 /* HomeView.swift in Sources */ = {isa = PBXBuildFile; fileRef = F763FBAAB21F406994A4BC27 /* HomeView.swift */; };
		27A01F415B844E03ABA4047A /* los_drills_r6.json in Resources */ = {isa = PBXBuildFile; fileRef = DDFD84E9DBF04FE8BDB10221 /* los_drills_r6.json */; };
		2858D578CEFC46B28B17E658 /* ReadingNotesView.swift in Sources */ = {isa = PBXBuildFile; fileRef = BE663547DD984B628B8BD8B2 /* ReadingNotesView.swift */; };
		2BC11BB78797406F8CFF4C08 /* los_drills_r9.json in Resources */ = {isa = PBXBuildFile; fileRef = 954C05439F56423780517BB9 /* los_drills_r9.json */; };
		2C75C41ADB584E61BF5690A1 /* GraderConfig.swift in Sources */ = {isa = PBXBuildFile; fileRef = DA830FFAC3094075B4513E0D /* GraderConfig.swift */; };
		2DF817F4B15342A3BCA9FD17 /* PracticeBuilderPreference.swift in Sources */ = {isa = PBXBuildFile; fileRef = EA7C30EF9C434A1FB54DDBDB /* PracticeBuilderPreference.swift */; };
		2E3B6577617C4726A27DC976 /* CFAL3App.swift in Sources */ = {isa = PBXBuildFile; fileRef = 98A1C80B8FC944D38112F410 /* CFAL3App.swift */; };
		34B7E3A329194D4984669E10 /* los_drills_r5.json in Resources */ = {isa = PBXBuildFile; fileRef = EDA07FA7A91B4E30A3CEE78D /* los_drills_r5.json */; };
		3850143D80B94D4689C0F2DA /* ProgressDashboardView.swift in Sources */ = {isa = PBXBuildFile; fileRef = 0219DF3DFFB842E4AC0403D8 /* ProgressDashboardView.swift */; };
		3DC9B25DF7C54A84B174D2B9 /* TopicListView.swift in Sources */ = {isa = PBXBuildFile; fileRef = 6AA07C360A9A4F0E81142087 /* TopicListView.swift */; };
		4345E5D4137D456187976AB6 /* QuestionBankIntegrityTests.swift in Sources */ = {isa = PBXBuildFile; fileRef = 0C2824EF5E224FEB9BD908C6 /* QuestionBankIntegrityTests.swift */; };
		4A5B39F992B444A3BB1A20DC /* QuestionBank.swift in Sources */ = {isa = PBXBuildFile; fileRef = 59D44B94DF504165949735B4 /* QuestionBank.swift */; };
		4B38D8BD28A945C8A6DF5650 /* ClaudeGrader.swift in Sources */ = {isa = PBXBuildFile; fileRef = 1DA221666F514841B2CC8C7C /* ClaudeGrader.swift */; };
		4B43E387F4384C4AA69FC05F /* los_master.json in Resources */ = {isa = PBXBuildFile; fileRef = 4F6DDCFA99884B51ADC4FD45 /* los_master.json */; };
		4B607CAFC1F44046BE3534C6 /* content_targets.json in Resources */ = {isa = PBXBuildFile; fileRef = 412C78857621432AB89BA9E2 /* content_targets.json */; };
		4E3E64899A264FDF8DCEFD46 /* StudyAreaDetailView.swift in Sources */ = {isa = PBXBuildFile; fileRef = 36176D2B656643E9A65667BC /* StudyAreaDetailView.swift */; };
		4EA5E834AC7841D09C6228B1 /* EssayInput.swift in Sources */ = {isa = PBXBuildFile; fileRef = 57DB556C2B63477191B35948 /* EssayInput.swift */; };
		4F480E013FFA4741A00FFC66 /* Formatting.swift in Sources */ = {isa = PBXBuildFile; fileRef = 292F523D997F4F16A51E1622 /* Formatting.swift */; };
		52CB938372B04A5AA8006E99 /* StudyComponents.swift in Sources */ = {isa = PBXBuildFile; fileRef = 3C566E562D6C4ECBB63B2BD1 /* StudyComponents.swift */; };
		548EB08DE8AC4A7199341A81 /* los_drills_r11.json in Resources */ = {isa = PBXBuildFile; fileRef = 30E16C1C7B144F6085746833 /* los_drills_r11.json */; };
		578B7ECBE5A34243889D6A61 /* DayCompletion.swift in Sources */ = {isa = PBXBuildFile; fileRef = E4ED961B735048B893137430 /* DayCompletion.swift */; };
		57BB770922ED474DAB420B3C /* topics.json in Resources */ = {isa = PBXBuildFile; fileRef = 61AFB4B738AF426CB8CE2169 /* topics.json */; };
		5BFED40742ED4467B25AEEA1 /* VignetteView.swift in Sources */ = {isa = PBXBuildFile; fileRef = 13D985187F6C4B53B3101CC3 /* VignetteView.swift */; };
		5C3782E842CB40E8B1E4B6A4 /* los_drills_r23.json in Resources */ = {isa = PBXBuildFile; fileRef = A47F557D6A7E458189CDA91E /* los_drills_r23.json */; };
		5E13CD6D135E4E6DA7F7E071 /* los_drills_r32.json in Resources */ = {isa = PBXBuildFile; fileRef = FBFB7C5F647745D08BA53068 /* los_drills_r32.json */; };
		672CE7E5355140078AD6FC8C /* los_drills_r15.json in Resources */ = {isa = PBXBuildFile; fileRef = 85EC6CF17C714A989CE377AA /* los_drills_r15.json */; };
		6A408F02B0FE429CB9C6E0C7 /* Attempt.swift in Sources */ = {isa = PBXBuildFile; fileRef = 38887C1F4EFD4276A65D075C /* Attempt.swift */; };
		6FF801036135423592650CFE /* los_drills_r10.json in Resources */ = {isa = PBXBuildFile; fileRef = AED75F83A3774034879B20D8 /* los_drills_r10.json */; };
		7049E344B47C4F1EB4DA77E5 /* StudyPlannerSplitView.swift in Sources */ = {isa = PBXBuildFile; fileRef = 4EA614611467451C93082870 /* StudyPlannerSplitView.swift */; };
		71C5D6A00C7940C09CA7A27B /* Case.swift in Sources */ = {isa = PBXBuildFile; fileRef = 195D89159A9E4CDDBB90386C /* Case.swift */; };
		73A28D0D5A5D45A0A685BFB9 /* los_drills_r26.json in Resources */ = {isa = PBXBuildFile; fileRef = 43EC39CAF8334FB0AB2F6B6C /* los_drills_r26.json */; };
		741797DC119C4419B8C276A9 /* PlanView.swift in Sources */ = {isa = PBXBuildFile; fileRef = 6707A2355E894E7991D0D637 /* PlanView.swift */; };
		7649D8F0C0A04B889CC4F81B /* los_drills_r8.json in Resources */ = {isa = PBXBuildFile; fileRef = 9512812FFCAE48BCBFD1C5B7 /* los_drills_r8.json */; };
		78DEDB03150A4E7389DC55F7 /* los_drills_index.json in Resources */ = {isa = PBXBuildFile; fileRef = E50F06C699DD40EB9C991616 /* los_drills_index.json */; };
		7A8E045D66BA4B3E892676DB /* LOS.swift in Sources */ = {isa = PBXBuildFile; fileRef = 27BD4C8C92164987B6983CA6 /* LOS.swift */; };
		7C7C248941024CB28CD1665E /* los_drills_r22.json in Resources */ = {isa = PBXBuildFile; fileRef = 1610F0AC93BE49C5BABD5F17 /* los_drills_r22.json */; };
		8454FEEB4C97418180E2A688 /* LOSDrillAttemptView.swift in Sources */ = {isa = PBXBuildFile; fileRef = 8BC2AE604D6B4654B0A4B236 /* LOSDrillAttemptView.swift */; };
		87568CEDECC144EA841F2452 /* StudyDisplay.swift in Sources */ = {isa = PBXBuildFile; fileRef = 684C7349EB174F60BF66AC33 /* StudyDisplay.swift */; };
		876456306C594941870BB2F2 /* DesignComponents.swift in Sources */ = {isa = PBXBuildFile; fileRef = EFC20F96139346B2BF1B6306 /* DesignComponents.swift */; };
		899442570B2442F5ACB2841D /* los_drills_r29.json in Resources */ = {isa = PBXBuildFile; fileRef = 7936F6EF2C5446FCA41DBF61 /* los_drills_r29.json */; };
		8A4115E3958F4A93945816B6 /* LOSChecklistRow.swift in Sources */ = {isa = PBXBuildFile; fileRef = BD9DE8DF2B924B2682370D97 /* LOSChecklistRow.swift */; };
		8A86611E939141B9AC5CC312 /* los_drills_r24.json in Resources */ = {isa = PBXBuildFile; fileRef = BC7D1CD9504D479ABA253582 /* los_drills_r24.json */; };
		8B72230580D9481BB4754505 /* los_drills_r4.json in Resources */ = {isa = PBXBuildFile; fileRef = CB59C456AAFA441A9551CA08 /* los_drills_r4.json */; };
		91B1C8735C154ED7AAAD91C8 /* los_drills_r14.json in Resources */ = {isa = PBXBuildFile; fileRef = 921CB5DB5EE04B0AB667D3A3 /* los_drills_r14.json */; };
		9787F1A940DE4737AD09399D /* los_drills_r3.json in Resources */ = {isa = PBXBuildFile; fileRef = 679AB138ED074D10A47247E7 /* los_drills_r3.json */; };
		9B30E00C7EBD420080C706E0 /* LOSDrill.swift in Sources */ = {isa = PBXBuildFile; fileRef = 68D51CCE71B8479DB70E049A /* LOSDrill.swift */; };
		9C2C712717334360968FFDB2 /* los_drills_r27.json in Resources */ = {isa = PBXBuildFile; fileRef = EF5D4EE859D841FB95270867 /* los_drills_r27.json */; };
		9FE84FDE8AFD47B2850E055F /* StudyReadingDetailView.swift in Sources */ = {isa = PBXBuildFile; fileRef = 59971326BB734A9DA1D869CB /* StudyReadingDetailView.swift */; };
		A55600316463473185D99CD8 /* RootTabView.swift in Sources */ = {isa = PBXBuildFile; fileRef = 60728E62419F4D3AAADED1E4 /* RootTabView.swift */; };
		AC6614F71CD64BB092A5FC78 /* GradingResponseParser.swift in Sources */ = {isa = PBXBuildFile; fileRef = 1EBF716757A74CBCA6D91269 /* GradingResponseParser.swift */; };
		AEC9019C50A74073B83D1CC6 /* ReadingNotes.swift in Sources */ = {isa = PBXBuildFile; fileRef = 0E553728AAB1455896D12DAD /* ReadingNotes.swift */; };
		B118CA85BEC941318EB932FD /* LOSChecklistPanel.swift in Sources */ = {isa = PBXBuildFile; fileRef = 4BA5FB6F4A7043D8BDFBB1EA /* LOSChecklistPanel.swift */; };
		B4912A9BE67B43E88EBDC019 /* los_drills_r16.json in Resources */ = {isa = PBXBuildFile; fileRef = 7C638C69E9FA49E485FBDC64 /* los_drills_r16.json */; };
		B8538543E18F44B397B52B12 /* ProgressStats.swift in Sources */ = {isa = PBXBuildFile; fileRef = 6634F87049124714A9BDCF93 /* ProgressStats.swift */; };
		B87AA327EEC64867BA1A7630 /* los_drills_r28.json in Resources */ = {isa = PBXBuildFile; fileRef = 3B43273F26F54D4288E856DF /* los_drills_r28.json */; };
		B94DBBE1EE3E491B9C1D79BA /* question_bank.json in Resources */ = {isa = PBXBuildFile; fileRef = 709285E3BFCA4D1CAB303324 /* question_bank.json */; };
		BDB6E32655A1492E8B647ED5 /* ReviewCard.swift in Sources */ = {isa = PBXBuildFile; fileRef = AC4D694149554AD4B0EF1260 /* ReviewCard.swift */; };
		BEC13E2002F143CF8557176E /* StudyScheduleTests.swift in Sources */ = {isa = PBXBuildFile; fileRef = 77B8BD2A1A10429CA9009D2A /* StudyScheduleTests.swift */; };
		C142D518BA5A472AA97DD4D0 /* ClaudeGraderErrorTests.swift in Sources */ = {isa = PBXBuildFile; fileRef = DF27571BE6C440D7BD11BEC6 /* ClaudeGraderErrorTests.swift */; };
		C934D786A04049CA86DDBEF9 /* los_drills_r2.json in Resources */ = {isa = PBXBuildFile; fileRef = 0896740AF093488E8FAE406D /* los_drills_r2.json */; };
		CCB37A49F29E4A6DBD6571EB /* los_drills_r7.json in Resources */ = {isa = PBXBuildFile; fileRef = AC8F2CCFA7F24528ABF7D580 /* los_drills_r7.json */; };
		CCFC8423471B4CA9968C2FC5 /* ContentLoader.swift in Sources */ = {isa = PBXBuildFile; fileRef = E0AB356B2D1940F4ABB6C046 /* ContentLoader.swift */; };
		CDDC11A6A4974DE98F5FC562 /* LOSFilterSheet.swift in Sources */ = {isa = PBXBuildFile; fileRef = FB81A91BC2D74E76A0AB5F1B /* LOSFilterSheet.swift */; };
		CE271E075BFC4A939D3F98F0 /* StudyPlannerView.swift in Sources */ = {isa = PBXBuildFile; fileRef = 7FE3603862AE45B39D37FA8A /* StudyPlannerView.swift */; };
		CE31020A549C4387BB55E079 /* AdaptiveLayout.swift in Sources */ = {isa = PBXBuildFile; fileRef = 1B54E8CC64E04C318A838EC4 /* AdaptiveLayout.swift */; };
		CEA5BD5285DC4484AAB37770 /* TopicProgressRow.swift in Sources */ = {isa = PBXBuildFile; fileRef = D9DE40C9741F41728D7F643A /* TopicProgressRow.swift */; };
		D24BFB81E3CD467EAADEF909 /* Topic.swift in Sources */ = {isa = PBXBuildFile; fileRef = A4D513B3FFA3404C8AD32BD8 /* Topic.swift */; };
		D78A124325A34A7B9D6D6E95 /* ProgressDisplay.swift in Sources */ = {isa = PBXBuildFile; fileRef = B475B31D12DD403F880470CD /* ProgressDisplay.swift */; };
		D868A1912E7949028AAB51B3 /* CaseListView.swift in Sources */ = {isa = PBXBuildFile; fileRef = 95E70083E5B34E28960E49E0 /* CaseListView.swift */; };
		D88B0B2015734B3B9107F515 /* GradingResultView.swift in Sources */ = {isa = PBXBuildFile; fileRef = 240140A69D2C47F4B91E31B0 /* GradingResultView.swift */; };
		D96E7A90E9F846EA90EBF873 /* SettingsView.swift in Sources */ = {isa = PBXBuildFile; fileRef = 3A213608908F498A9CD1B071 /* SettingsView.swift */; };
		D9C73CD92A4149C8A11E805A /* Question.swift in Sources */ = {isa = PBXBuildFile; fileRef = CE6DD24CFD6E4893866B7111 /* Question.swift */; };
		DAB7183D51D24A96BA0F4454 /* los_drills_r12.json in Resources */ = {isa = PBXBuildFile; fileRef = 886C547624744BF1B538163D /* los_drills_r12.json */; };
		DAFF14100F9D43639B4E5FC6 /* QuizAssembler.swift in Sources */ = {isa = PBXBuildFile; fileRef = 98437221DE424A2BB725E6F0 /* QuizAssembler.swift */; };
		DF722BC8E45B42D2A9CEC9A9 /* SessionRunnerView.swift in Sources */ = {isa = PBXBuildFile; fileRef = A8A34FD0E65C47DB99532BAB /* SessionRunnerView.swift */; };
		E15D6C5E05804139A7156AC1 /* los_drills_r25.json in Resources */ = {isa = PBXBuildFile; fileRef = 0698DAB318924D249D37E46B /* los_drills_r25.json */; };
		E1E222898E834911BFC28175 /* los_drills_r13.json in Resources */ = {isa = PBXBuildFile; fileRef = AB77EC13408B4C8B9DF33629 /* los_drills_r13.json */; };
		E48A010D89D7483C89B51218 /* los_drills_r35.json in Resources */ = {isa = PBXBuildFile; fileRef = 193904FBE01B46CFA1BBB88F /* los_drills_r35.json */; };
		E809EE2E045E42E9813DD101 /* BrowseSplitView.swift in Sources */ = {isa = PBXBuildFile; fileRef = 4DEE3B2D08104DC6AC6CE541 /* BrowseSplitView.swift */; };
		EA104E48307E4173A2389D71 /* Session.swift in Sources */ = {isa = PBXBuildFile; fileRef = FA7EC49596EF463ABA13A820 /* Session.swift */; };
		EC07A1060DD6429484BF6CC8 /* los_drills_r19.json in Resources */ = {isa = PBXBuildFile; fileRef = D6E556BBB4E048D7A6A1F019 /* los_drills_r19.json */; };
		EE1E62F20D9A479E8E518EF8 /* los_drills_r18.json in Resources */ = {isa = PBXBuildFile; fileRef = AAD9630101AB46F1B26FDB0D /* los_drills_r18.json */; };
		F2F7DFC25BF741F5977EFCB7 /* los_drills_r17.json in Resources */ = {isa = PBXBuildFile; fileRef = 138406866C524067AB21985E /* los_drills_r17.json */; };
		F3DB51C89B484060AD989650 /* StudyPlannerStats.swift in Sources */ = {isa = PBXBuildFile; fileRef = 3987664C2E83427588523765 /* StudyPlannerStats.swift */; };
		F3F572AD8E65408E9B33CE60 /* GradingResponseParserTests.swift in Sources */ = {isa = PBXBuildFile; fileRef = 929CD068491F4FA29B4E9EDA /* GradingResponseParserTests.swift */; };
		F5CB2015A5764D80B1E58C22 /* CaseDetailView.swift in Sources */ = {isa = PBXBuildFile; fileRef = AFB41F096BD8488586608299 /* CaseDetailView.swift */; };
		F6801CFCE41047DFB2C73967 /* StudySchedule.swift in Sources */ = {isa = PBXBuildFile; fileRef = E2DE7AB1BAA5484897E95179 /* StudySchedule.swift */; };
		F6BAC4E260F943E2B7174BBF /* ContentTargets.swift in Sources */ = {isa = PBXBuildFile; fileRef = 2BF249A5C261414FBFAB63F9 /* ContentTargets.swift */; };
		F6DF3A9B5F784E15B344F99E /* MultipleChoiceInput.swift in Sources */ = {isa = PBXBuildFile; fileRef = D4BC1505535F4A68992F72E5 /* MultipleChoiceInput.swift */; };
		FAF0FB28A4074A6E8CA13738 /* NotesContentParserTests.swift in Sources */ = {isa = PBXBuildFile; fileRef = 849CAADDFEE34FF7ACA5F995 /* NotesContentParserTests.swift */; };
/* End PBXBuildFile section */

/* Begin PBXFileReference section */
		0219DF3DFFB842E4AC0403D8 /* ProgressDashboardView.swift */ = {isa = PBXFileReference; lastKnownFileType = sourcecode.swift; path = ProgressDashboardView.swift; sourceTree = "<group>"; };
		0698DAB318924D249D37E46B /* los_drills_r25.json */ = {isa = PBXFileReference; lastKnownFileType = text.json; path = los_drills_r25.json; sourceTree = "<group>"; };
		0896740AF093488E8FAE406D /* los_drills_r2.json */ = {isa = PBXFileReference; lastKnownFileType = text.json; path = los_drills_r2.json; sourceTree = "<group>"; };
		0C2824EF5E224FEB9BD908C6 /* QuestionBankIntegrityTests.swift */ = {isa = PBXFileReference; lastKnownFileType = sourcecode.swift; path = QuestionBankIntegrityTests.swift; sourceTree = "<group>"; };
		0C4FD3A1392A4F3EA111CFD7 /* LOSCoverageView.swift */ = {isa = PBXFileReference; lastKnownFileType = sourcecode.swift; path = LOSCoverageView.swift; sourceTree = "<group>"; };
		0D94B2388CE940E9AD778803 /* StudySessionCoordinator.swift */ = {isa = PBXFileReference; lastKnownFileType = sourcecode.swift; path = StudySessionCoordinator.swift; sourceTree = "<group>"; };
		0E553728AAB1455896D12DAD /* ReadingNotes.swift */ = {isa = PBXFileReference; lastKnownFileType = sourcecode.swift; path = ReadingNotes.swift; sourceTree = "<group>"; };
		138406866C524067AB21985E /* los_drills_r17.json */ = {isa = PBXFileReference; lastKnownFileType = text.json; path = los_drills_r17.json; sourceTree = "<group>"; };
		13D985187F6C4B53B3101CC3 /* VignetteView.swift */ = {isa = PBXFileReference; lastKnownFileType = sourcecode.swift; path = VignetteView.swift; sourceTree = "<group>"; };
		1610F0AC93BE49C5BABD5F17 /* los_drills_r22.json */ = {isa = PBXFileReference; lastKnownFileType = text.json; path = los_drills_r22.json; sourceTree = "<group>"; };
		190BC8A0E9F945EAA9212243 /* CFAL3Tests.xctest */ = {isa = PBXFileReference; explicitFileType = wrapper.cfbundle; includeInIndex = 0; path = CFAL3Tests.xctest; sourceTree = BUILT_PRODUCTS_DIR; };
		193904FBE01B46CFA1BBB88F /* los_drills_r35.json */ = {isa = PBXFileReference; lastKnownFileType = text.json; path = los_drills_r35.json; sourceTree = "<group>"; };
		195D89159A9E4CDDBB90386C /* Case.swift */ = {isa = PBXFileReference; lastKnownFileType = sourcecode.swift; path = Case.swift; sourceTree = "<group>"; };
		1B54E8CC64E04C318A838EC4 /* AdaptiveLayout.swift */ = {isa = PBXFileReference; lastKnownFileType = sourcecode.swift; path = AdaptiveLayout.swift; sourceTree = "<group>"; };
		1DA221666F514841B2CC8C7C /* ClaudeGrader.swift */ = {isa = PBXFileReference; lastKnownFileType = sourcecode.swift; path = ClaudeGrader.swift; sourceTree = "<group>"; };
		1EBF716757A74CBCA6D91269 /* GradingResponseParser.swift */ = {isa = PBXFileReference; lastKnownFileType = sourcecode.swift; path = GradingResponseParser.swift; sourceTree = "<group>"; };
		240140A69D2C47F4B91E31B0 /* GradingResultView.swift */ = {isa = PBXFileReference; lastKnownFileType = sourcecode.swift; path = GradingResultView.swift; sourceTree = "<group>"; };
		2442EBCD24704E2D97B36612 /* ReadingNotesBlocksView.swift */ = {isa = PBXFileReference; lastKnownFileType = sourcecode.swift; path = ReadingNotesBlocksView.swift; sourceTree = "<group>"; };
		27BD4C8C92164987B6983CA6 /* LOS.swift */ = {isa = PBXFileReference; lastKnownFileType = sourcecode.swift; path = LOS.swift; sourceTree = "<group>"; };
		292F523D997F4F16A51E1622 /* Formatting.swift */ = {isa = PBXFileReference; lastKnownFileType = sourcecode.swift; path = Formatting.swift; sourceTree = "<group>"; };
		2BF249A5C261414FBFAB63F9 /* ContentTargets.swift */ = {isa = PBXFileReference; lastKnownFileType = sourcecode.swift; path = ContentTargets.swift; sourceTree = "<group>"; };
		30E16C1C7B144F6085746833 /* los_drills_r11.json */ = {isa = PBXFileReference; lastKnownFileType = text.json; path = los_drills_r11.json; sourceTree = "<group>"; };
		31BFDC81E2F2468FB8FDCBB1 /* ReviewScheduler.swift */ = {isa = PBXFileReference; lastKnownFileType = sourcecode.swift; path = ReviewScheduler.swift; sourceTree = "<group>"; };
		33F2C548B15A41CFB8DDC270 /* los_drills_r20.json */ = {isa = PBXFileReference; lastKnownFileType = text.json; path = los_drills_r20.json; sourceTree = "<group>"; };
		36176D2B656643E9A65667BC /* StudyAreaDetailView.swift */ = {isa = PBXFileReference; lastKnownFileType = sourcecode.swift; path = StudyAreaDetailView.swift; sourceTree = "<group>"; };
		38887C1F4EFD4276A65D075C /* Attempt.swift */ = {isa = PBXFileReference; lastKnownFileType = sourcecode.swift; path = Attempt.swift; sourceTree = "<group>"; };
		3987664C2E83427588523765 /* StudyPlannerStats.swift */ = {isa = PBXFileReference; lastKnownFileType = sourcecode.swift; path = StudyPlannerStats.swift; sourceTree = "<group>"; };
		3A213608908F498A9CD1B071 /* SettingsView.swift */ = {isa = PBXFileReference; lastKnownFileType = sourcecode.swift; path = SettingsView.swift; sourceTree = "<group>"; };
		3B43273F26F54D4288E856DF /* los_drills_r28.json */ = {isa = PBXFileReference; lastKnownFileType = text.json; path = los_drills_r28.json; sourceTree = "<group>"; };
		3C566E562D6C4ECBB63B2BD1 /* StudyComponents.swift */ = {isa = PBXFileReference; lastKnownFileType = sourcecode.swift; path = StudyComponents.swift; sourceTree = "<group>"; };
		412C78857621432AB89BA9E2 /* content_targets.json */ = {isa = PBXFileReference; lastKnownFileType = text.json; path = content_targets.json; sourceTree = "<group>"; };
		43EC39CAF8334FB0AB2F6B6C /* los_drills_r26.json */ = {isa = PBXFileReference; lastKnownFileType = text.json; path = los_drills_r26.json; sourceTree = "<group>"; };
		479EB4F438A2484786E6010D /* los_drills_r1.json */ = {isa = PBXFileReference; lastKnownFileType = text.json; path = los_drills_r1.json; sourceTree = "<group>"; };
		4BA5FB6F4A7043D8BDFBB1EA /* LOSChecklistPanel.swift */ = {isa = PBXFileReference; lastKnownFileType = sourcecode.swift; path = LOSChecklistPanel.swift; sourceTree = "<group>"; };
		4DEE3B2D08104DC6AC6CE541 /* BrowseSplitView.swift */ = {isa = PBXFileReference; lastKnownFileType = sourcecode.swift; path = BrowseSplitView.swift; sourceTree = "<group>"; };
		4EA614611467451C93082870 /* StudyPlannerSplitView.swift */ = {isa = PBXFileReference; lastKnownFileType = sourcecode.swift; path = StudyPlannerSplitView.swift; sourceTree = "<group>"; };
		4F6DDCFA99884B51ADC4FD45 /* los_master.json */ = {isa = PBXFileReference; lastKnownFileType = text.json; path = los_master.json; sourceTree = "<group>"; };
		57DB556C2B63477191B35948 /* EssayInput.swift */ = {isa = PBXFileReference; lastKnownFileType = sourcecode.swift; path = EssayInput.swift; sourceTree = "<group>"; };
		59971326BB734A9DA1D869CB /* StudyReadingDetailView.swift */ = {isa = PBXFileReference; lastKnownFileType = sourcecode.swift; path = StudyReadingDetailView.swift; sourceTree = "<group>"; };
		59D44B94DF504165949735B4 /* QuestionBank.swift */ = {isa = PBXFileReference; lastKnownFileType = sourcecode.swift; path = QuestionBank.swift; sourceTree = "<group>"; };
		5FECB28C521A446CB948F083 /* LOSStudyStatus.swift */ = {isa = PBXFileReference; lastKnownFileType = sourcecode.swift; path = LOSStudyStatus.swift; sourceTree = "<group>"; };
		60728E62419F4D3AAADED1E4 /* RootTabView.swift */ = {isa = PBXFileReference; lastKnownFileType = sourcecode.swift; path = RootTabView.swift; sourceTree = "<group>"; };
		61AFB4B738AF426CB8CE2169 /* topics.json */ = {isa = PBXFileReference; lastKnownFileType = text.json; path = topics.json; sourceTree = "<group>"; };
		6634F87049124714A9BDCF93 /* ProgressStats.swift */ = {isa = PBXFileReference; lastKnownFileType = sourcecode.swift; path = ProgressStats.swift; sourceTree = "<group>"; };
		6707A2355E894E7991D0D637 /* PlanView.swift */ = {isa = PBXFileReference; lastKnownFileType = sourcecode.swift; path = PlanView.swift; sourceTree = "<group>"; };
		679AB138ED074D10A47247E7 /* los_drills_r3.json */ = {isa = PBXFileReference; lastKnownFileType = text.json; path = los_drills_r3.json; sourceTree = "<group>"; };
		67D75174F099481C90E0545D /* QuestionAttemptView.swift */ = {isa = PBXFileReference; lastKnownFileType = sourcecode.swift; path = QuestionAttemptView.swift; sourceTree = "<group>"; };
		684C7349EB174F60BF66AC33 /* StudyDisplay.swift */ = {isa = PBXFileReference; lastKnownFileType = sourcecode.swift; path = StudyDisplay.swift; sourceTree = "<group>"; };
		68D51CCE71B8479DB70E049A /* LOSDrill.swift */ = {isa = PBXFileReference; lastKnownFileType = sourcecode.swift; path = LOSDrill.swift; sourceTree = "<group>"; };
		6AA07C360A9A4F0E81142087 /* TopicListView.swift */ = {isa = PBXFileReference; lastKnownFileType = sourcecode.swift; path = TopicListView.swift; sourceTree = "<group>"; };
		709285E3BFCA4D1CAB303324 /* question_bank.json */ = {isa = PBXFileReference; lastKnownFileType = text.json; path = question_bank.json; sourceTree = "<group>"; };
		70E2119EF5454F789B7AE11C /* LOSDrillReadingView.swift */ = {isa = PBXFileReference; lastKnownFileType = sourcecode.swift; path = LOSDrillReadingView.swift; sourceTree = "<group>"; };
		77B8BD2A1A10429CA9009D2A /* StudyScheduleTests.swift */ = {isa = PBXFileReference; lastKnownFileType = sourcecode.swift; path = StudyScheduleTests.swift; sourceTree = "<group>"; };
		78E138829F5C4C3EBDA06E86 /* Assets.xcassets */ = {isa = PBXFileReference; lastKnownFileType = folder.assetcatalog; path = Assets.xcassets; sourceTree = "<group>"; };
		7936F6EF2C5446FCA41DBF61 /* los_drills_r29.json */ = {isa = PBXFileReference; lastKnownFileType = text.json; path = los_drills_r29.json; sourceTree = "<group>"; };
		7C638C69E9FA49E485FBDC64 /* los_drills_r16.json */ = {isa = PBXFileReference; lastKnownFileType = text.json; path = los_drills_r16.json; sourceTree = "<group>"; };
		7FE3603862AE45B39D37FA8A /* StudyPlannerView.swift */ = {isa = PBXFileReference; lastKnownFileType = sourcecode.swift; path = StudyPlannerView.swift; sourceTree = "<group>"; };
		849CAADDFEE34FF7ACA5F995 /* NotesContentParserTests.swift */ = {isa = PBXFileReference; lastKnownFileType = sourcecode.swift; path = NotesContentParserTests.swift; sourceTree = "<group>"; };
		8522D72A30624A7DB90C00EA /* reading_notes.json */ = {isa = PBXFileReference; lastKnownFileType = text.json; path = reading_notes.json; sourceTree = "<group>"; };
		85EC6CF17C714A989CE377AA /* los_drills_r15.json */ = {isa = PBXFileReference; lastKnownFileType = text.json; path = los_drills_r15.json; sourceTree = "<group>"; };
		86B5BD339A05470B924BDA72 /* PracticeBuilderView.swift */ = {isa = PBXFileReference; lastKnownFileType = sourcecode.swift; path = PracticeBuilderView.swift; sourceTree = "<group>"; };
		886C547624744BF1B538163D /* los_drills_r12.json */ = {isa = PBXFileReference; lastKnownFileType = text.json; path = los_drills_r12.json; sourceTree = "<group>"; };
		8BC2AE604D6B4654B0A4B236 /* LOSDrillAttemptView.swift */ = {isa = PBXFileReference; lastKnownFileType = sourcecode.swift; path = LOSDrillAttemptView.swift; sourceTree = "<group>"; };
		8D24C9BD3CE24077BC4B51B8 /* Theme.swift */ = {isa = PBXFileReference; lastKnownFileType = sourcecode.swift; path = Theme.swift; sourceTree = "<group>"; };
		8F87E270A6DE4A528EF435F7 /* los_drills_r34.json */ = {isa = PBXFileReference; lastKnownFileType = text.json; path = los_drills_r34.json; sourceTree = "<group>"; };
		921CB5DB5EE04B0AB667D3A3 /* los_drills_r14.json */ = {isa = PBXFileReference; lastKnownFileType = text.json; path = los_drills_r14.json; sourceTree = "<group>"; };
		929CD068491F4FA29B4E9EDA /* GradingResponseParserTests.swift */ = {isa = PBXFileReference; lastKnownFileType = sourcecode.swift; path = GradingResponseParserTests.swift; sourceTree = "<group>"; };
		9512812FFCAE48BCBFD1C5B7 /* los_drills_r8.json */ = {isa = PBXFileReference; lastKnownFileType = text.json; path = los_drills_r8.json; sourceTree = "<group>"; };
		954C05439F56423780517BB9 /* los_drills_r9.json */ = {isa = PBXFileReference; lastKnownFileType = text.json; path = los_drills_r9.json; sourceTree = "<group>"; };
		95E70083E5B34E28960E49E0 /* CaseListView.swift */ = {isa = PBXFileReference; lastKnownFileType = sourcecode.swift; path = CaseListView.swift; sourceTree = "<group>"; };
		96765C669DD44488BBF98B69 /* los_drills_r31.json */ = {isa = PBXFileReference; lastKnownFileType = text.json; path = los_drills_r31.json; sourceTree = "<group>"; };
		98437221DE424A2BB725E6F0 /* QuizAssembler.swift */ = {isa = PBXFileReference; lastKnownFileType = sourcecode.swift; path = QuizAssembler.swift; sourceTree = "<group>"; };
		98A1C80B8FC944D38112F410 /* CFAL3App.swift */ = {isa = PBXFileReference; lastKnownFileType = sourcecode.swift; path = CFAL3App.swift; sourceTree = "<group>"; };
		A37A7F81751C442382E848B8 /* ContentDensitySection.swift */ = {isa = PBXFileReference; lastKnownFileType = sourcecode.swift; path = ContentDensitySection.swift; sourceTree = "<group>"; };
		A4703EEBE28948DD9CBB6BD2 /* NotesContentParser.swift */ = {isa = PBXFileReference; lastKnownFileType = sourcecode.swift; path = NotesContentParser.swift; sourceTree = "<group>"; };
		A47F557D6A7E458189CDA91E /* los_drills_r23.json */ = {isa = PBXFileReference; lastKnownFileType = text.json; path = los_drills_r23.json; sourceTree = "<group>"; };
		A4D513B3FFA3404C8AD32BD8 /* Topic.swift */ = {isa = PBXFileReference; lastKnownFileType = sourcecode.swift; path = Topic.swift; sourceTree = "<group>"; };
		A6554E73183A4522929EBB31 /* los_drills_r33.json */ = {isa = PBXFileReference; lastKnownFileType = text.json; path = los_drills_r33.json; sourceTree = "<group>"; };
		A8A34FD0E65C47DB99532BAB /* SessionRunnerView.swift */ = {isa = PBXFileReference; lastKnownFileType = sourcecode.swift; path = SessionRunnerView.swift; sourceTree = "<group>"; };
		AAD9630101AB46F1B26FDB0D /* los_drills_r18.json */ = {isa = PBXFileReference; lastKnownFileType = text.json; path = los_drills_r18.json; sourceTree = "<group>"; };
		AB77EC13408B4C8B9DF33629 /* los_drills_r13.json */ = {isa = PBXFileReference; lastKnownFileType = text.json; path = los_drills_r13.json; sourceTree = "<group>"; };
		AC4D694149554AD4B0EF1260 /* ReviewCard.swift */ = {isa = PBXFileReference; lastKnownFileType = sourcecode.swift; path = ReviewCard.swift; sourceTree = "<group>"; };
		AC8F2CCFA7F24528ABF7D580 /* los_drills_r7.json */ = {isa = PBXFileReference; lastKnownFileType = text.json; path = los_drills_r7.json; sourceTree = "<group>"; };
		AED75F83A3774034879B20D8 /* los_drills_r10.json */ = {isa = PBXFileReference; lastKnownFileType = text.json; path = los_drills_r10.json; sourceTree = "<group>"; };
		AFB41F096BD8488586608299 /* CaseDetailView.swift */ = {isa = PBXFileReference; lastKnownFileType = sourcecode.swift; path = CaseDetailView.swift; sourceTree = "<group>"; };
		B475B31D12DD403F880470CD /* ProgressDisplay.swift */ = {isa = PBXFileReference; lastKnownFileType = sourcecode.swift; path = ProgressDisplay.swift; sourceTree = "<group>"; };
		BC7D1CD9504D479ABA253582 /* los_drills_r24.json */ = {isa = PBXFileReference; lastKnownFileType = text.json; path = los_drills_r24.json; sourceTree = "<group>"; };
		BD9DE8DF2B924B2682370D97 /* LOSChecklistRow.swift */ = {isa = PBXFileReference; lastKnownFileType = sourcecode.swift; path = LOSChecklistRow.swift; sourceTree = "<group>"; };
		BE663547DD984B628B8BD8B2 /* ReadingNotesView.swift */ = {isa = PBXFileReference; lastKnownFileType = sourcecode.swift; path = ReadingNotesView.swift; sourceTree = "<group>"; };
		CB59C456AAFA441A9551CA08 /* los_drills_r4.json */ = {isa = PBXFileReference; lastKnownFileType = text.json; path = los_drills_r4.json; sourceTree = "<group>"; };
		CDDEB7F0A6D742F291EF103C /* ReviewSchedulerTests.swift */ = {isa = PBXFileReference; lastKnownFileType = sourcecode.swift; path = ReviewSchedulerTests.swift; sourceTree = "<group>"; };
		CE6DD24CFD6E4893866B7111 /* Question.swift */ = {isa = PBXFileReference; lastKnownFileType = sourcecode.swift; path = Question.swift; sourceTree = "<group>"; };
		D4BC1505535F4A68992F72E5 /* MultipleChoiceInput.swift */ = {isa = PBXFileReference; lastKnownFileType = sourcecode.swift; path = MultipleChoiceInput.swift; sourceTree = "<group>"; };
		D6E556BBB4E048D7A6A1F019 /* los_drills_r19.json */ = {isa = PBXFileReference; lastKnownFileType = text.json; path = los_drills_r19.json; sourceTree = "<group>"; };
		D9DE40C9741F41728D7F643A /* TopicProgressRow.swift */ = {isa = PBXFileReference; lastKnownFileType = sourcecode.swift; path = TopicProgressRow.swift; sourceTree = "<group>"; };
		DA830FFAC3094075B4513E0D /* GraderConfig.swift */ = {isa = PBXFileReference; lastKnownFileType = sourcecode.swift; path = GraderConfig.swift; sourceTree = "<group>"; };
		DDFD84E9DBF04FE8BDB10221 /* los_drills_r6.json */ = {isa = PBXFileReference; lastKnownFileType = text.json; path = los_drills_r6.json; sourceTree = "<group>"; };
		DF27571BE6C440D7BD11BEC6 /* ClaudeGraderErrorTests.swift */ = {isa = PBXFileReference; lastKnownFileType = sourcecode.swift; path = ClaudeGraderErrorTests.swift; sourceTree = "<group>"; };
		E0AB356B2D1940F4ABB6C046 /* ContentLoader.swift */ = {isa = PBXFileReference; lastKnownFileType = sourcecode.swift; path = ContentLoader.swift; sourceTree = "<group>"; };
		E2DE7AB1BAA5484897E95179 /* StudySchedule.swift */ = {isa = PBXFileReference; lastKnownFileType = sourcecode.swift; path = StudySchedule.swift; sourceTree = "<group>"; };
		E4ED961B735048B893137430 /* DayCompletion.swift */ = {isa = PBXFileReference; lastKnownFileType = sourcecode.swift; path = DayCompletion.swift; sourceTree = "<group>"; };
		E50F06C699DD40EB9C991616 /* los_drills_index.json */ = {isa = PBXFileReference; lastKnownFileType = text.json; path = los_drills_index.json; sourceTree = "<group>"; };
		E7085731F60A42518C0B6D14 /* los_drills_r21.json */ = {isa = PBXFileReference; lastKnownFileType = text.json; path = los_drills_r21.json; sourceTree = "<group>"; };
		E7AE1FDE1E4F4BFD85729378 /* los_drills_r30.json */ = {isa = PBXFileReference; lastKnownFileType = text.json; path = los_drills_r30.json; sourceTree = "<group>"; };
		EA7C30EF9C434A1FB54DDBDB /* PracticeBuilderPreference.swift */ = {isa = PBXFileReference; lastKnownFileType = sourcecode.swift; path = PracticeBuilderPreference.swift; sourceTree = "<group>"; };
		EDA07FA7A91B4E30A3CEE78D /* los_drills_r5.json */ = {isa = PBXFileReference; lastKnownFileType = text.json; path = los_drills_r5.json; sourceTree = "<group>"; };
		EF468980A60843F381286721 /* CFAL3.app */ = {isa = PBXFileReference; explicitFileType = wrapper.application; includeInIndex = 0; path = CFAL3.app; sourceTree = BUILT_PRODUCTS_DIR; };
		EF5D4EE859D841FB95270867 /* los_drills_r27.json */ = {isa = PBXFileReference; lastKnownFileType = text.json; path = los_drills_r27.json; sourceTree = "<group>"; };
		EFC20F96139346B2BF1B6306 /* DesignComponents.swift */ = {isa = PBXFileReference; lastKnownFileType = sourcecode.swift; path = DesignComponents.swift; sourceTree = "<group>"; };
		F763FBAAB21F406994A4BC27 /* HomeView.swift */ = {isa = PBXFileReference; lastKnownFileType = sourcecode.swift; path = HomeView.swift; sourceTree = "<group>"; };
		FA7EC49596EF463ABA13A820 /* Session.swift */ = {isa = PBXFileReference; lastKnownFileType = sourcecode.swift; path = Session.swift; sourceTree = "<group>"; };
		FB81A91BC2D74E76A0AB5F1B /* LOSFilterSheet.swift */ = {isa = PBXFileReference; lastKnownFileType = sourcecode.swift; path = LOSFilterSheet.swift; sourceTree = "<group>"; };
		FBFB7C5F647745D08BA53068 /* los_drills_r32.json */ = {isa = PBXFileReference; lastKnownFileType = text.json; path = los_drills_r32.json; sourceTree = "<group>"; };
		FC34B73FE9EA4562B202CAF8 /* study_schedule.json */ = {isa = PBXFileReference; lastKnownFileType = text.json; path = study_schedule.json; sourceTree = "<group>"; };
/* End PBXFileReference section */

/* Begin PBXFrameworksBuildPhase section */
		41565EDA7DAC499D8E6399D1 /* Frameworks */ = {
			isa = PBXFrameworksBuildPhase;
			buildActionMask = 2147483647;
			files = (
			);
			runOnlyForDeploymentPostprocessing = 0;
		};
		DE658E1A3169450FBFBFDDB0 /* Frameworks */ = {
			isa = PBXFrameworksBuildPhase;
			buildActionMask = 2147483647;
			files = (
			);
			runOnlyForDeploymentPostprocessing = 0;
		};
/* End PBXFrameworksBuildPhase section */

/* Begin PBXGroup section */
		0B37B403E8A7479797D3FD55 /* App */ = {
			isa = PBXGroup;
			children = (
				98A1C80B8FC944D38112F410 /* CFAL3App.swift */,
			);
			path = App;
			sourceTree = "<group>";
		};
		13218F19B3D84A0390AD6D8F /* Components */ = {
			isa = PBXGroup;
			children = (
				EFC20F96139346B2BF1B6306 /* DesignComponents.swift */,
			);
			path = Components;
			sourceTree = "<group>";
		};
		1B9F479125124D01B28D0124 /* Progress */ = {
			isa = PBXGroup;
			children = (
				A37A7F81751C442382E848B8 /* ContentDensitySection.swift */,
				0C4FD3A1392A4F3EA111CFD7 /* LOSCoverageView.swift */,
				0219DF3DFFB842E4AC0403D8 /* ProgressDashboardView.swift */,
				D9DE40C9741F41728D7F643A /* TopicProgressRow.swift */,
			);
			path = Progress;
			sourceTree = "<group>";
		};
		2001879B170140B9935E9436 /* Persistence */ = {
			isa = PBXGroup;
			children = (
				38887C1F4EFD4276A65D075C /* Attempt.swift */,
				E4ED961B735048B893137430 /* DayCompletion.swift */,
				5FECB28C521A446CB948F083 /* LOSStudyStatus.swift */,
				AC4D694149554AD4B0EF1260 /* ReviewCard.swift */,
				FA7EC49596EF463ABA13A820 /* Session.swift */,
			);
			path = Persistence;
			sourceTree = "<group>";
		};
		23821C3316E64181B72D37C9 /* Models */ = {
			isa = PBXGroup;
			children = (
				9EE78EABBA034B439EA54C22 /* Content */,
				2001879B170140B9935E9436 /* Persistence */,
			);
			path = Models;
			sourceTree = "<group>";
		};
		321A49D63A0A4AA19F1D6D8B /* Root */ = {
			isa = PBXGroup;
			children = (
				F763FBAAB21F406994A4BC27 /* HomeView.swift */,
				60728E62419F4D3AAADED1E4 /* RootTabView.swift */,
			);
			path = Root;
			sourceTree = "<group>";
		};
		3CCC574998AC4ECAABE99620 /* Services */ = {
			isa = PBXGroup;
			children = (
				1DA221666F514841B2CC8C7C /* ClaudeGrader.swift */,
				E0AB356B2D1940F4ABB6C046 /* ContentLoader.swift */,
				DA830FFAC3094075B4513E0D /* GraderConfig.swift */,
				1EBF716757A74CBCA6D91269 /* GradingResponseParser.swift */,
				EA7C30EF9C434A1FB54DDBDB /* PracticeBuilderPreference.swift */,
				6634F87049124714A9BDCF93 /* ProgressStats.swift */,
				98437221DE424A2BB725E6F0 /* QuizAssembler.swift */,
				31BFDC81E2F2468FB8FDCBB1 /* ReviewScheduler.swift */,
				3987664C2E83427588523765 /* StudyPlannerStats.swift */,
				0D94B2388CE940E9AD778803 /* StudySessionCoordinator.swift */,
			);
			path = Services;
			sourceTree = "<group>";
		};
		453DEB9C5231475A96FEA7D2 /* Plan */ = {
			isa = PBXGroup;
			children = (
				6707A2355E894E7991D0D637 /* PlanView.swift */,
			);
			path = Plan;
			sourceTree = "<group>";
		};
		5625C0D9B20D4AFDB74832A5 /* Utilities */ = {
			isa = PBXGroup;
			children = (
				1B54E8CC64E04C318A838EC4 /* AdaptiveLayout.swift */,
				292F523D997F4F16A51E1622 /* Formatting.swift */,
				A4703EEBE28948DD9CBB6BD2 /* NotesContentParser.swift */,
				B475B31D12DD403F880470CD /* ProgressDisplay.swift */,
				684C7349EB174F60BF66AC33 /* StudyDisplay.swift */,
				8D24C9BD3CE24077BC4B51B8 /* Theme.swift */,
			);
			path = Utilities;
			sourceTree = "<group>";
		};
		5AD097D466574EED91B90869 /* Views */ = {
			isa = PBXGroup;
			children = (
				D035C338D3A74118829E51F1 /* Browse */,
				13218F19B3D84A0390AD6D8F /* Components */,
				453DEB9C5231475A96FEA7D2 /* Plan */,
				E88024B4AE3C4CBF963137FD /* Practice */,
				1B9F479125124D01B28D0124 /* Progress */,
				D4E681A98F014AD19D8682B3 /* Question */,
				A272A90A30D04577A496D1AA /* Review */,
				321A49D63A0A4AA19F1D6D8B /* Root */,
				FDABFFC4F86642DC8A24B31E /* Settings */,
				B56D94B728F14BB7AD3AD6F8 /* Study */,
			);
			path = Views;
			sourceTree = "<group>";
		};
		5B99CF359D594C9B93B5C65B /* CFAL3 */ = {
			isa = PBXGroup;
			children = (
				0B37B403E8A7479797D3FD55 /* App */,
				23821C3316E64181B72D37C9 /* Models */,
				9FB10EFEABD9467DB780A6D2 /* Resources */,
				3CCC574998AC4ECAABE99620 /* Services */,
				5625C0D9B20D4AFDB74832A5 /* Utilities */,
				5AD097D466574EED91B90869 /* Views */,
				78E138829F5C4C3EBDA06E86 /* Assets.xcassets */,
			);
			path = CFAL3;
			sourceTree = "<group>";
		};
		9EE78EABBA034B439EA54C22 /* Content */ = {
			isa = PBXGroup;
			children = (
				195D89159A9E4CDDBB90386C /* Case.swift */,
				2BF249A5C261414FBFAB63F9 /* ContentTargets.swift */,
				27BD4C8C92164987B6983CA6 /* LOS.swift */,
				68D51CCE71B8479DB70E049A /* LOSDrill.swift */,
				CE6DD24CFD6E4893866B7111 /* Question.swift */,
				59D44B94DF504165949735B4 /* QuestionBank.swift */,
				0E553728AAB1455896D12DAD /* ReadingNotes.swift */,
				E2DE7AB1BAA5484897E95179 /* StudySchedule.swift */,
				A4D513B3FFA3404C8AD32BD8 /* Topic.swift */,
			);
			path = Content;
			sourceTree = "<group>";
		};
		9FB10EFEABD9467DB780A6D2 /* Resources */ = {
			isa = PBXGroup;
			children = (
				412C78857621432AB89BA9E2 /* content_targets.json */,
				E50F06C699DD40EB9C991616 /* los_drills_index.json */,
				479EB4F438A2484786E6010D /* los_drills_r1.json */,
				AED75F83A3774034879B20D8 /* los_drills_r10.json */,
				30E16C1C7B144F6085746833 /* los_drills_r11.json */,
				886C547624744BF1B538163D /* los_drills_r12.json */,
				AB77EC13408B4C8B9DF33629 /* los_drills_r13.json */,
				921CB5DB5EE04B0AB667D3A3 /* los_drills_r14.json */,
				85EC6CF17C714A989CE377AA /* los_drills_r15.json */,
				7C638C69E9FA49E485FBDC64 /* los_drills_r16.json */,
				138406866C524067AB21985E /* los_drills_r17.json */,
				AAD9630101AB46F1B26FDB0D /* los_drills_r18.json */,
				D6E556BBB4E048D7A6A1F019 /* los_drills_r19.json */,
				0896740AF093488E8FAE406D /* los_drills_r2.json */,
				33F2C548B15A41CFB8DDC270 /* los_drills_r20.json */,
				E7085731F60A42518C0B6D14 /* los_drills_r21.json */,
				1610F0AC93BE49C5BABD5F17 /* los_drills_r22.json */,
				A47F557D6A7E458189CDA91E /* los_drills_r23.json */,
				BC7D1CD9504D479ABA253582 /* los_drills_r24.json */,
				0698DAB318924D249D37E46B /* los_drills_r25.json */,
				43EC39CAF8334FB0AB2F6B6C /* los_drills_r26.json */,
				EF5D4EE859D841FB95270867 /* los_drills_r27.json */,
				3B43273F26F54D4288E856DF /* los_drills_r28.json */,
				7936F6EF2C5446FCA41DBF61 /* los_drills_r29.json */,
				679AB138ED074D10A47247E7 /* los_drills_r3.json */,
				E7AE1FDE1E4F4BFD85729378 /* los_drills_r30.json */,
				96765C669DD44488BBF98B69 /* los_drills_r31.json */,
				FBFB7C5F647745D08BA53068 /* los_drills_r32.json */,
				A6554E73183A4522929EBB31 /* los_drills_r33.json */,
				8F87E270A6DE4A528EF435F7 /* los_drills_r34.json */,
				193904FBE01B46CFA1BBB88F /* los_drills_r35.json */,
				CB59C456AAFA441A9551CA08 /* los_drills_r4.json */,
				EDA07FA7A91B4E30A3CEE78D /* los_drills_r5.json */,
				DDFD84E9DBF04FE8BDB10221 /* los_drills_r6.json */,
				AC8F2CCFA7F24528ABF7D580 /* los_drills_r7.json */,
				9512812FFCAE48BCBFD1C5B7 /* los_drills_r8.json */,
				954C05439F56423780517BB9 /* los_drills_r9.json */,
				4F6DDCFA99884B51ADC4FD45 /* los_master.json */,
				709285E3BFCA4D1CAB303324 /* question_bank.json */,
				8522D72A30624A7DB90C00EA /* reading_notes.json */,
				FC34B73FE9EA4562B202CAF8 /* study_schedule.json */,
				61AFB4B738AF426CB8CE2169 /* topics.json */,
			);
			path = Resources;
			sourceTree = "<group>";
		};
		A272A90A30D04577A496D1AA /* Review */ = {
			isa = PBXGroup;
			children = (
				A8A34FD0E65C47DB99532BAB /* SessionRunnerView.swift */,
			);
			path = Review;
			sourceTree = "<group>";
		};
		B15B79EAE9CD48AD94D30A0E /* Products */ = {
			isa = PBXGroup;
			children = (
				EF468980A60843F381286721 /* CFAL3.app */,
				190BC8A0E9F945EAA9212243 /* CFAL3Tests.xctest */,
			);
			name = Products;
			sourceTree = "<group>";
		};
		B56D94B728F14BB7AD3AD6F8 /* Study */ = {
			isa = PBXGroup;
			children = (
				4BA5FB6F4A7043D8BDFBB1EA /* LOSChecklistPanel.swift */,
				BD9DE8DF2B924B2682370D97 /* LOSChecklistRow.swift */,
				8BC2AE604D6B4654B0A4B236 /* LOSDrillAttemptView.swift */,
				70E2119EF5454F789B7AE11C /* LOSDrillReadingView.swift */,
				2442EBCD24704E2D97B36612 /* ReadingNotesBlocksView.swift */,
				BE663547DD984B628B8BD8B2 /* ReadingNotesView.swift */,
				36176D2B656643E9A65667BC /* StudyAreaDetailView.swift */,
				3C566E562D6C4ECBB63B2BD1 /* StudyComponents.swift */,
				4EA614611467451C93082870 /* StudyPlannerSplitView.swift */,
				7FE3603862AE45B39D37FA8A /* StudyPlannerView.swift */,
				59971326BB734A9DA1D869CB /* StudyReadingDetailView.swift */,
			);
			path = Study;
			sourceTree = "<group>";
		};
		D035C338D3A74118829E51F1 /* Browse */ = {
			isa = PBXGroup;
			children = (
				4DEE3B2D08104DC6AC6CE541 /* BrowseSplitView.swift */,
				AFB41F096BD8488586608299 /* CaseDetailView.swift */,
				95E70083E5B34E28960E49E0 /* CaseListView.swift */,
				FB81A91BC2D74E76A0AB5F1B /* LOSFilterSheet.swift */,
				6AA07C360A9A4F0E81142087 /* TopicListView.swift */,
			);
			path = Browse;
			sourceTree = "<group>";
		};
		D4E681A98F014AD19D8682B3 /* Question */ = {
			isa = PBXGroup;
			children = (
				57DB556C2B63477191B35948 /* EssayInput.swift */,
				240140A69D2C47F4B91E31B0 /* GradingResultView.swift */,
				D4BC1505535F4A68992F72E5 /* MultipleChoiceInput.swift */,
				67D75174F099481C90E0545D /* QuestionAttemptView.swift */,
				13D985187F6C4B53B3101CC3 /* VignetteView.swift */,
			);
			path = Question;
			sourceTree = "<group>";
		};
		E88024B4AE3C4CBF963137FD /* Practice */ = {
			isa = PBXGroup;
			children = (
				86B5BD339A05470B924BDA72 /* PracticeBuilderView.swift */,
			);
			path = Practice;
			sourceTree = "<group>";
		};
		EB3FF57168424061944C669B = {
			isa = PBXGroup;
			children = (
				5B99CF359D594C9B93B5C65B /* CFAL3 */,
				EDD76A824FA94729AF97F0B0 /* CFAL3Tests */,
				B15B79EAE9CD48AD94D30A0E /* Products */,
			);
			sourceTree = "<group>";
		};
		EDD76A824FA94729AF97F0B0 /* CFAL3Tests */ = {
			isa = PBXGroup;
			children = (
				DF27571BE6C440D7BD11BEC6 /* ClaudeGraderErrorTests.swift */,
				929CD068491F4FA29B4E9EDA /* GradingResponseParserTests.swift */,
				849CAADDFEE34FF7ACA5F995 /* NotesContentParserTests.swift */,
				0C2824EF5E224FEB9BD908C6 /* QuestionBankIntegrityTests.swift */,
				CDDEB7F0A6D742F291EF103C /* ReviewSchedulerTests.swift */,
				77B8BD2A1A10429CA9009D2A /* StudyScheduleTests.swift */,
			);
			path = CFAL3Tests;
			sourceTree = "<group>";
		};
		FDABFFC4F86642DC8A24B31E /* Settings */ = {
			isa = PBXGroup;
			children = (
				3A213608908F498A9CD1B071 /* SettingsView.swift */,
			);
			path = Settings;
			sourceTree = "<group>";
		};
/* End PBXGroup section */

/* Begin PBXNativeTarget section */
		101695F5EC174BD08F865933 /* CFAL3 */ = {
			isa = PBXNativeTarget;
			buildConfigurationList = D74379A8255744E6985C70CE /* Build configuration list for PBXNativeTarget "CFAL3" */;
			buildPhases = (
				52D768514ADB4D8FA0647ECA /* Sources */,
				DE658E1A3169450FBFBFDDB0 /* Frameworks */,
				FDC4FC6897B64EB8830EE80C /* Resources */,
			);
			buildRules = (
			);
			dependencies = (
			);
			name = CFAL3;
			productName = CFAL3;
			productReference = EF468980A60843F381286721 /* CFAL3.app */;
			productType = "com.apple.product-type.application";
		};
		98A04A9B4E1A462F9DDD55BC /* CFAL3Tests */ = {
			isa = PBXNativeTarget;
			buildConfigurationList = DB3088BA01784409A340068B /* Build configuration list for PBXNativeTarget "CFAL3Tests" */;
			buildPhases = (
				0239909DA84A49FEA01C23F9 /* Sources */,
				41565EDA7DAC499D8E6399D1 /* Frameworks */,
			);
			buildRules = (
			);
			dependencies = (
			);
			name = CFAL3Tests;
			productName = CFAL3Tests;
			productReference = 190BC8A0E9F945EAA9212243 /* CFAL3Tests.xctest */;
			productType = "com.apple.product-type.bundle.unit-test";
		};
/* End PBXNativeTarget section */

/* Begin PBXProject section */
		0263D8E1DC19440DA273C3D0 /* Project object */ = {
			isa = PBXProject;
			attributes = {
				BuildIndependentTargetsInParallel = 1;
				LastSwiftUpdateCheck = 1500;
				LastUpgradeCheck = 1500;
			};
			buildConfigurationList = FC86048C96DD4982A8CE5914 /* Build configuration list for PBXProject "CFAL3" */;
			compatibilityVersion = "Xcode 14.0";
			developmentRegion = en;
			hasScannedForEncodings = 0;
			knownRegions = (
				en,
				Base,
			);
			mainGroup = EB3FF57168424061944C669B;
			productRefGroup = B15B79EAE9CD48AD94D30A0E /* Products */;
			projectDirPath = "";
			projectRoot = "";
			targets = (
				101695F5EC174BD08F865933 /* CFAL3 */,
				98A04A9B4E1A462F9DDD55BC /* CFAL3Tests */,
			);
		};
/* End PBXProject section */

/* Begin PBXResourcesBuildPhase section */
		FDC4FC6897B64EB8830EE80C /* Resources */ = {
			isa = PBXResourcesBuildPhase;
			buildActionMask = 2147483647;
			files = (
				B94DBBE1EE3E491B9C1D79BA /* question_bank.json in Resources */,
				4B43E387F4384C4AA69FC05F /* los_master.json in Resources */,
				57BB770922ED474DAB420B3C /* topics.json in Resources */,
				1405045309544F9A9A39CCD7 /* reading_notes.json in Resources */,
				4B607CAFC1F44046BE3534C6 /* content_targets.json in Resources */,
				78DEDB03150A4E7389DC55F7 /* los_drills_index.json in Resources */,
				10CA868C08874BBF902CE81E /* study_schedule.json in Resources */,
				0905A7D92F604B64B88F991A /* Assets.xcassets in Resources */,
				060E3661B80C446EB54AAF30 /* los_drills_r1.json in Resources */,
				6FF801036135423592650CFE /* los_drills_r10.json in Resources */,
				548EB08DE8AC4A7199341A81 /* los_drills_r11.json in Resources */,
				DAB7183D51D24A96BA0F4454 /* los_drills_r12.json in Resources */,
				E1E222898E834911BFC28175 /* los_drills_r13.json in Resources */,
				91B1C8735C154ED7AAAD91C8 /* los_drills_r14.json in Resources */,
				672CE7E5355140078AD6FC8C /* los_drills_r15.json in Resources */,
				B4912A9BE67B43E88EBDC019 /* los_drills_r16.json in Resources */,
				F2F7DFC25BF741F5977EFCB7 /* los_drills_r17.json in Resources */,
				EE1E62F20D9A479E8E518EF8 /* los_drills_r18.json in Resources */,
				EC07A1060DD6429484BF6CC8 /* los_drills_r19.json in Resources */,
				C934D786A04049CA86DDBEF9 /* los_drills_r2.json in Resources */,
				0129E235548143B29A5EE5BE /* los_drills_r20.json in Resources */,
				27245A1BE64B4A7E9354EA18 /* los_drills_r21.json in Resources */,
				7C7C248941024CB28CD1665E /* los_drills_r22.json in Resources */,
				5C3782E842CB40E8B1E4B6A4 /* los_drills_r23.json in Resources */,
				8A86611E939141B9AC5CC312 /* los_drills_r24.json in Resources */,
				E15D6C5E05804139A7156AC1 /* los_drills_r25.json in Resources */,
				73A28D0D5A5D45A0A685BFB9 /* los_drills_r26.json in Resources */,
				9C2C712717334360968FFDB2 /* los_drills_r27.json in Resources */,
				B87AA327EEC64867BA1A7630 /* los_drills_r28.json in Resources */,
				899442570B2442F5ACB2841D /* los_drills_r29.json in Resources */,
				9787F1A940DE4737AD09399D /* los_drills_r3.json in Resources */,
				10B1F34D85B842668DD6A40B /* los_drills_r30.json in Resources */,
				09BE15A3C85146DB84984CE8 /* los_drills_r31.json in Resources */,
				5E13CD6D135E4E6DA7F7E071 /* los_drills_r32.json in Resources */,
				0CC56DFCF5294704A0EB5AA4 /* los_drills_r33.json in Resources */,
				1E0BAAB66D4D445A822C105E /* los_drills_r34.json in Resources */,
				E48A010D89D7483C89B51218 /* los_drills_r35.json in Resources */,
				8B72230580D9481BB4754505 /* los_drills_r4.json in Resources */,
				34B7E3A329194D4984669E10 /* los_drills_r5.json in Resources */,
				27A01F415B844E03ABA4047A /* los_drills_r6.json in Resources */,
				CCB37A49F29E4A6DBD6571EB /* los_drills_r7.json in Resources */,
				7649D8F0C0A04B889CC4F81B /* los_drills_r8.json in Resources */,
				2BC11BB78797406F8CFF4C08 /* los_drills_r9.json in Resources */,
			);
			runOnlyForDeploymentPostprocessing = 0;
		};
/* End PBXResourcesBuildPhase section */

/* Begin PBXSourcesBuildPhase section */
		0239909DA84A49FEA01C23F9 /* Sources */ = {
			isa = PBXSourcesBuildPhase;
			buildActionMask = 2147483647;
			files = (
				C142D518BA5A472AA97DD4D0 /* ClaudeGraderErrorTests.swift in Sources */,
				F3F572AD8E65408E9B33CE60 /* GradingResponseParserTests.swift in Sources */,
				FAF0FB28A4074A6E8CA13738 /* NotesContentParserTests.swift in Sources */,
				4345E5D4137D456187976AB6 /* QuestionBankIntegrityTests.swift in Sources */,
				243C8ED5E40141FFA8C9BDC7 /* ReviewSchedulerTests.swift in Sources */,
				BEC13E2002F143CF8557176E /* StudyScheduleTests.swift in Sources */,
			);
			runOnlyForDeploymentPostprocessing = 0;
		};
		52D768514ADB4D8FA0647ECA /* Sources */ = {
			isa = PBXSourcesBuildPhase;
			buildActionMask = 2147483647;
			files = (
				2E3B6577617C4726A27DC976 /* CFAL3App.swift in Sources */,
				71C5D6A00C7940C09CA7A27B /* Case.swift in Sources */,
				F6BAC4E260F943E2B7174BBF /* ContentTargets.swift in Sources */,
				7A8E045D66BA4B3E892676DB /* LOS.swift in Sources */,
				9B30E00C7EBD420080C706E0 /* LOSDrill.swift in Sources */,
				D9C73CD92A4149C8A11E805A /* Question.swift in Sources */,
				4A5B39F992B444A3BB1A20DC /* QuestionBank.swift in Sources */,
				AEC9019C50A74073B83D1CC6 /* ReadingNotes.swift in Sources */,
				F6801CFCE41047DFB2C73967 /* StudySchedule.swift in Sources */,
				D24BFB81E3CD467EAADEF909 /* Topic.swift in Sources */,
				6A408F02B0FE429CB9C6E0C7 /* Attempt.swift in Sources */,
				578B7ECBE5A34243889D6A61 /* DayCompletion.swift in Sources */,
				1D7562E5223E40509DA8D2C1 /* LOSStudyStatus.swift in Sources */,
				BDB6E32655A1492E8B647ED5 /* ReviewCard.swift in Sources */,
				EA104E48307E4173A2389D71 /* Session.swift in Sources */,
				CE31020A549C4387BB55E079 /* AdaptiveLayout.swift in Sources */,
				4F480E013FFA4741A00FFC66 /* Formatting.swift in Sources */,
				1D61F3E2C6EE47BFA81389D5 /* NotesContentParser.swift in Sources */,
				D78A124325A34A7B9D6D6E95 /* ProgressDisplay.swift in Sources */,
				87568CEDECC144EA841F2452 /* StudyDisplay.swift in Sources */,
				15BC0053332642829D36BB50 /* Theme.swift in Sources */,
				D96E7A90E9F846EA90EBF873 /* SettingsView.swift in Sources */,
				B118CA85BEC941318EB932FD /* LOSChecklistPanel.swift in Sources */,
				8A4115E3958F4A93945816B6 /* LOSChecklistRow.swift in Sources */,
				8454FEEB4C97418180E2A688 /* LOSDrillAttemptView.swift in Sources */,
				2244FE7F912441F9AA00CC0F /* LOSDrillReadingView.swift in Sources */,
				14A8DFE021CB49A58ACFE113 /* ReadingNotesBlocksView.swift in Sources */,
				2858D578CEFC46B28B17E658 /* ReadingNotesView.swift in Sources */,
				4E3E64899A264FDF8DCEFD46 /* StudyAreaDetailView.swift in Sources */,
				52CB938372B04A5AA8006E99 /* StudyComponents.swift in Sources */,
				7049E344B47C4F1EB4DA77E5 /* StudyPlannerSplitView.swift in Sources */,
				CE271E075BFC4A939D3F98F0 /* StudyPlannerView.swift in Sources */,
				9FE84FDE8AFD47B2850E055F /* StudyReadingDetailView.swift in Sources */,
				136311A12E8A491B929DBC70 /* ContentDensitySection.swift in Sources */,
				1E865EA0FDAE4C5F8386B7EE /* LOSCoverageView.swift in Sources */,
				3850143D80B94D4689C0F2DA /* ProgressDashboardView.swift in Sources */,
				CEA5BD5285DC4484AAB37770 /* TopicProgressRow.swift in Sources */,
				741797DC119C4419B8C276A9 /* PlanView.swift in Sources */,
				4EA5E834AC7841D09C6228B1 /* EssayInput.swift in Sources */,
				D88B0B2015734B3B9107F515 /* GradingResultView.swift in Sources */,
				F6DF3A9B5F784E15B344F99E /* MultipleChoiceInput.swift in Sources */,
				1C5C86CC7FBD42F5AFC8336F /* QuestionAttemptView.swift in Sources */,
				5BFED40742ED4467B25AEEA1 /* VignetteView.swift in Sources */,
				876456306C594941870BB2F2 /* DesignComponents.swift in Sources */,
				DF722BC8E45B42D2A9CEC9A9 /* SessionRunnerView.swift in Sources */,
				275ADD3E5FC84A09822F8857 /* HomeView.swift in Sources */,
				A55600316463473185D99CD8 /* RootTabView.swift in Sources */,
				E809EE2E045E42E9813DD101 /* BrowseSplitView.swift in Sources */,
				F5CB2015A5764D80B1E58C22 /* CaseDetailView.swift in Sources */,
				D868A1912E7949028AAB51B3 /* CaseListView.swift in Sources */,
				CDDC11A6A4974DE98F5FC562 /* LOSFilterSheet.swift in Sources */,
				3DC9B25DF7C54A84B174D2B9 /* TopicListView.swift in Sources */,
				0BE61D7A432C4C93A2C11762 /* PracticeBuilderView.swift in Sources */,
				4B38D8BD28A945C8A6DF5650 /* ClaudeGrader.swift in Sources */,
				CCFC8423471B4CA9968C2FC5 /* ContentLoader.swift in Sources */,
				2C75C41ADB584E61BF5690A1 /* GraderConfig.swift in Sources */,
				AC6614F71CD64BB092A5FC78 /* GradingResponseParser.swift in Sources */,
				2DF817F4B15342A3BCA9FD17 /* PracticeBuilderPreference.swift in Sources */,
				B8538543E18F44B397B52B12 /* ProgressStats.swift in Sources */,
				DAFF14100F9D43639B4E5FC6 /* QuizAssembler.swift in Sources */,
				1F7E6572BF6543808CFCFB6B /* ReviewScheduler.swift in Sources */,
				F3DB51C89B484060AD989650 /* StudyPlannerStats.swift in Sources */,
				1734ECEB45BC49BF90D20649 /* StudySessionCoordinator.swift in Sources */,
			);
			runOnlyForDeploymentPostprocessing = 0;
		};
/* End PBXSourcesBuildPhase section */

/* Begin XCBuildConfiguration section */
		00850735EA1B4F8E92BEC033 /* Release */ = {
			isa = XCBuildConfiguration;
			buildSettings = {
				BUNDLE_LOADER = "$(TEST_HOST)";
				CODE_SIGN_STYLE = Automatic;
				GENERATE_INFOPLIST_FILE = YES;
				IPHONEOS_DEPLOYMENT_TARGET = 17.0;
				PRODUCT_BUNDLE_IDENTIFIER = com.brandonkeeny.CFAL3Tests;
				PRODUCT_NAME = CFAL3Tests;
				SWIFT_VERSION = 5.0;
				TARGETED_DEVICE_FAMILY = "1,2";
				TEST_HOST = "$(BUILT_PRODUCTS_DIR)/CFAL3.app/$(BUNDLE_EXECUTABLE_FOLDER_PATH)/CFAL3";
			};
			name = Release;
		};
		714C2F3F89184F809E824645 /* Debug */ = {
			isa = XCBuildConfiguration;
			buildSettings = {
				ALWAYS_SEARCH_USER_PATHS = NO;
				CLANG_ENABLE_MODULES = YES;
				COPY_PHASE_STRIP = NO;
				DEBUG_INFORMATION_FORMAT = "dwarf-with-dsym";
				ENABLE_TESTABILITY = YES;
				GCC_GENERATE_DEBUGGING_SYMBOLS = YES;
				GCC_OPTIMIZATION_LEVEL = 0;
				IPHONEOS_DEPLOYMENT_TARGET = 17.0;
				ONLY_ACTIVE_ARCH = YES;
				SDKROOT = iphoneos;
				STRIP_INSTALLED_PRODUCT = NO;
				SWIFT_ACTIVE_COMPILATION_CONDITIONS = DEBUG;
				SWIFT_OPTIMIZATION_LEVEL = "-Onone";
			};
			name = Debug;
		};
		7ED11AAF50E4493AA917B86F /* Release */ = {
			isa = XCBuildConfiguration;
			buildSettings = {
				ALWAYS_SEARCH_USER_PATHS = NO;
				CLANG_ENABLE_MODULES = YES;
				COPY_PHASE_STRIP = NO;
				DEBUG_INFORMATION_FORMAT = "dwarf-with-dsym";
				GCC_GENERATE_DEBUGGING_SYMBOLS = YES;
				IPHONEOS_DEPLOYMENT_TARGET = 17.0;
				SDKROOT = iphoneos;
				SWIFT_COMPILATION_MODE = wholemodule;
			};
			name = Release;
		};
		A21C5CE1F89345459ABE8DBE /* Release */ = {
			isa = XCBuildConfiguration;
			buildSettings = {
				ASSETCATALOG_COMPILER_APPICON_NAME = AppIcon;
				CODE_SIGN_STYLE = Automatic;
				CURRENT_PROJECT_VERSION = 1;
				DEVELOPMENT_TEAM = HHSFT2GD2H;
				GENERATE_INFOPLIST_FILE = YES;
				INFOPLIST_FILE = CFAL3/Info.plist;
				INFOPLIST_KEY_CFBundleDisplayName = "CFA L3";
				INFOPLIST_KEY_UIApplicationSceneManifest_Generation = YES;
				INFOPLIST_KEY_UILaunchScreen_Generation = YES;
				IPHONEOS_DEPLOYMENT_TARGET = 17.0;
				MARKETING_VERSION = 1.1;
				PRODUCT_BUNDLE_IDENTIFIER = com.brandonkeeny.CFAL3;
				PRODUCT_NAME = CFAL3;
				SWIFT_VERSION = 5.0;
				TARGETED_DEVICE_FAMILY = "1,2";
			};
			name = Release;
		};
		AEC85511E7834BD792706ED1 /* Debug */ = {
			isa = XCBuildConfiguration;
			buildSettings = {
				ASSETCATALOG_COMPILER_APPICON_NAME = AppIcon;
				CODE_SIGN_STYLE = Automatic;
				CURRENT_PROJECT_VERSION = 1;
				DEVELOPMENT_TEAM = HHSFT2GD2H;
				GENERATE_INFOPLIST_FILE = YES;
				INFOPLIST_FILE = CFAL3/Info.plist;
				INFOPLIST_KEY_CFBundleDisplayName = "CFA L3";
				INFOPLIST_KEY_UIApplicationSceneManifest_Generation = YES;
				INFOPLIST_KEY_UILaunchScreen_Generation = YES;
				IPHONEOS_DEPLOYMENT_TARGET = 17.0;
				MARKETING_VERSION = 1.1;
				PRODUCT_BUNDLE_IDENTIFIER = com.brandonkeeny.CFAL3;
				PRODUCT_NAME = CFAL3;
				SWIFT_VERSION = 5.0;
				TARGETED_DEVICE_FAMILY = "1,2";
			};
			name = Debug;
		};
		C91A5AD7EF5B4C33A4519280 /* Debug */ = {
			isa = XCBuildConfiguration;
			buildSettings = {
				BUNDLE_LOADER = "$(TEST_HOST)";
				CODE_SIGN_STYLE = Automatic;
				GENERATE_INFOPLIST_FILE = YES;
				IPHONEOS_DEPLOYMENT_TARGET = 17.0;
				PRODUCT_BUNDLE_IDENTIFIER = com.brandonkeeny.CFAL3Tests;
				PRODUCT_NAME = CFAL3Tests;
				SWIFT_VERSION = 5.0;
				TARGETED_DEVICE_FAMILY = "1,2";
				TEST_HOST = "$(BUILT_PRODUCTS_DIR)/CFAL3.app/$(BUNDLE_EXECUTABLE_FOLDER_PATH)/CFAL3";
			};
			name = Debug;
		};
/* End XCBuildConfiguration section */

/* Begin XCConfigurationList section */
		D74379A8255744E6985C70CE /* Build configuration list for PBXNativeTarget "CFAL3" */ = {
			isa = XCConfigurationList;
			buildConfigurations = (
				AEC85511E7834BD792706ED1 /* Debug */,
				A21C5CE1F89345459ABE8DBE /* Release */,
			);
			defaultConfigurationIsVisible = 0;
			defaultConfigurationName = Release;
		};
		DB3088BA01784409A340068B /* Build configuration list for PBXNativeTarget "CFAL3Tests" */ = {
			isa = XCConfigurationList;
			buildConfigurations = (
				C91A5AD7EF5B4C33A4519280 /* Debug */,
				00850735EA1B4F8E92BEC033 /* Release */,
			);
			defaultConfigurationIsVisible = 0;
			defaultConfigurationName = Release;
		};
		FC86048C96DD4982A8CE5914 /* Build configuration list for PBXProject "CFAL3" */ = {
			isa = XCConfigurationList;
			buildConfigurations = (
				714C2F3F89184F809E824645 /* Debug */,
				7ED11AAF50E4493AA917B86F /* Release */,
			);
			defaultConfigurationIsVisible = 0;
			defaultConfigurationName = Release;
		};
/* End XCConfigurationList section */
	};
	rootObject = 0263D8E1DC19440DA273C3D0 /* Project object */;
}
